{
  "nodes": {
    "dotfiles": {
      "flake": false,
      "locked": {
        "lastModified": 1784080150,
        "narHash": "sha256-8R04ctiedkk5zt/4XeJ2Lsn8EHJYEcrnV8z8Ypy9VV4=",
        "owner": "tavocg",
        "repo": "dotfiles",
        "rev": "cc458d1b75f158768f0b55243634b15dd374fb39",
        "type": "gitlab"
      },
      "original": {
        "owner": "tavocg",
        "repo": "dotfiles",
        "type": "gitlab"
      }
    },
    "flake-parts": {
      "inputs": {
        "nixpkgs-lib": [
          "nixpkgs"
        ]
      },
      "locked": {
        "lastModified": 1782949081,
        "narHash": "sha256-vp6Y/Grm98ESt6ceOkWiHWyZRDV3J1RID4w+6NWK9yA=",
        "owner": "hercules-ci",
        "repo": "flake-parts",
        "rev": "17c9d6cdfc60c64f4ee8d306f9bc0b4ccb51481e",
        "type": "github"
      },
      "original": {
        "owner": "hercules-ci",
        "repo": "flake-parts",
        "type": "github"
      }
    },
    "import-tree": {
      "locked": {
        "lastModified": 1784254960,
        "narHash": "sha256-iI88R3wHz8wTKQb5orvpc51L/Xr64AJyxid/0MKa/b8=",
        "owner": "vic",
        "repo": "import-tree",
        "rev": "4ebb10ae17d5f1ad366e7aef5b92cb8eecf24f69",
        "type": "github"
      },
      "original": {
        "owner": "vic",
        "repo": "import-tree",
        "type": "github"
      }
    },
    "nixpkgs": {
      "locked": {
        "lastModified": 1784796856,
        "narHash": "sha256-wWFrV5/Qbm+lyt5x20E/bSbfJiGKMo4RCxZV8cl/WZI=",
        "owner": "nixos",
        "repo": "nixpkgs",
        "rev": "e2587caef70cea85dd97d7daab492899902dbf5d",
        "type": "github"
      },
      "original": {
        "owner": "nixos",
        "ref": "nixos-unstable",
        "repo": "nixpkgs",
        "type": "github"
      }
    },
    "nixpkgs-2605": {
      "locked": {
        "lastModified": 1784707089,
        "narHash": "sha256-2V/6imsUgB7mPZlHY54oeVBRDoZbPKnvzwkAHUSSufk=",
        "owner": "nixos",
        "repo": "nixpkgs",
        "rev": "b3fe9581c9061c749abef42b6d4ee7b7c05c33fa",
        "type": "github"
      },
      "original": {
        "owner": "nixos",
        "ref": "nixos-26.05",
        "repo": "nixpkgs",
        "type": "github"
      }
    },
    "pinentry-bemenu": {
      "inputs": {
        "nixpkgs": [
          "nixpkgs"
        ]
      },
      "locked": {
        "lastModified": 1776048493,
        "narHash": "sha256-PhR+Gywn937D+TOcwpcjTVxFXm9KYe6qIr9m7d+Rm/g=",
        "owner": "tavocg",
        "repo": "pinentry-bemenu",
        "rev": "0c7326c86ff4687449f435664fd2ad51ade1a7e6",
        "type": "github"
      },
      "original": {
        "owner": "tavocg",
        "repo": "pinentry-bemenu",
        "type": "github"
      }
    },
    "root": {
      "inputs": {
        "dotfiles": "dotfiles",
        "flake-parts": "flake-parts",
        "import-tree": "import-tree",
        "nixpkgs": "nixpkgs",
        "nixpkgs-2605": "nixpkgs-2605",
        "pinentry-bemenu": "pinentry-bemenu",
        "shtatus": "shtatus",
        "st": "st"
      }
    },
    "shtatus": {
      "inputs": {
        "nixpkgs": [
          "nixpkgs"
        ]
      },
      "locked": {
        "lastModified": 1775687684,
        "narHash": "sha256-XmtQbEVch2Q2UX5roonHqRJe6Tn/uL6f0Uhv37XNCEE=",
        "owner": "tavocg",
        "repo": "shtatus",
        "rev": "86d4ff08c1fbe5bebcd5142715c6bdb54a048506",
        "type": "github"
      },
      "original": {
        "owner": "tavocg",
        "repo": "shtatus",
        "type": "github"
      }
    },
    "st": {
      "inputs": {
        "nixpkgs": [
          "nixpkgs"
        ]
      },
      "locked": {
        "lastModified": 1776497104,
        "narHash": "sha256-h1WS0ZyLxVracq2IhI8knmJjeTSAK6P51Z2IRxEbC98=",
        "owner": "tavocg",
        "repo": "st",
        "rev": "7c2fdbfa2d954ef0c67a3b2353380dc37cd5409a",
        "type": "github"
      },
      "original": {
        "owner": "tavocg",
        "repo": "st",
        "type": "github"
      }
    }
  },
  "root": "root",
  "version": 7
}
