{
  "nodes": {
    "anypinentry": {
      "inputs": {
        "nixpkgs": [
          "nixpkgs"
        ]
      },
      "locked": {
        "lastModified": 1775671086,
        "narHash": "sha256-tnSOCV86DjiCcDu24PIoL8e1YsX5rAppCbqrSVAtji0=",
        "owner": "tavocg",
        "repo": "anypinentry",
        "rev": "26b3cd4bbb2b9fa5abdda5d847fd985eee4dcc1f",
        "type": "github"
      },
      "original": {
        "owner": "tavocg",
        "repo": "anypinentry",
        "type": "github"
      }
    },
    "codex-nix": {
      "inputs": {
        "flake-parts": [
          "flake-parts"
        ],
        "nixpkgs": [
          "nixpkgs"
        ]
      },
      "locked": {
        "lastModified": 1774979150,
        "narHash": "sha256-0VsfAFMR8hIj9evA9UtEcdGFtJxBLL7v7/81kPdonvU=",
        "owner": "SecBear",
        "repo": "codex-nix",
        "rev": "940b189b1c54eac4fee748d265ba732d822cea30",
        "type": "github"
      },
      "original": {
        "owner": "SecBear",
        "repo": "codex-nix",
        "type": "github"
      }
    },
    "dotfiles": {
      "flake": false,
      "locked": {
        "lastModified": 1775688513,
        "narHash": "sha256-gMYguHTdJyY+tr/PatQei6yxWTyDms3pHwYrWTTMHaQ=",
        "owner": "tavocg",
        "repo": "dotfiles",
        "rev": "906e85b63f1dd9e3189a4d9f34a345b11edf66ca",
        "type": "gitlab"
      },
      "original": {
        "owner": "tavocg",
        "repo": "dotfiles",
        "type": "gitlab"
      }
    },
    "flake-parts": {
      "inputs": {
        "nixpkgs-lib": [
          "nixpkgs"
        ]
      },
      "locked": {
        "lastModified": 1775087534,
        "narHash": "sha256-91qqW8lhL7TLwgQWijoGBbiD4t7/q75KTi8NxjVmSmA=",
        "owner": "hercules-ci",
        "repo": "flake-parts",
        "rev": "3107b77cd68437b9a76194f0f7f9c55f2329ca5b",
        "type": "github"
      },
      "original": {
        "owner": "hercules-ci",
        "repo": "flake-parts",
        "type": "github"
      }
    },
    "import-tree": {
      "locked": {
        "lastModified": 1773693634,
        "narHash": "sha256-BtZ2dtkBdSUnFPPFc+n0kcMbgaTxzFNPv2iaO326Ffg=",
        "owner": "vic",
        "repo": "import-tree",
        "rev": "c41e7d58045f9057880b0d85e1152d6a4430dbf1",
        "type": "github"
      },
      "original": {
        "owner": "vic",
        "repo": "import-tree",
        "type": "github"
      }
    },
    "kanban": {
      "inputs": {
        "nixpkgs": [
          "nixpkgs"
        ]
      },
      "locked": {
        "lastModified": 1775671542,
        "narHash": "sha256-Q1qDeKTm+Kt6pEvscEkMRmCNeTyYG5WJhmiy59QcTgE=",
        "owner": "tavocg",
        "repo": "kanban",
        "rev": "6664f5dfe8eb291bc8673b039e454851df5490d3",
        "type": "github"
      },
      "original": {
        "owner": "tavocg",
        "repo": "kanban",
        "type": "github"
      }
    },
    "nixpkgs": {
      "locked": {
        "lastModified": 1775710090,
        "narHash": "sha256-ar3rofg+awPB8QXDaFJhJ2jJhu+KqN/PRCXeyuXR76E=",
        "owner": "nixos",
        "repo": "nixpkgs",
        "rev": "4c1018dae018162ec878d42fec712642d214fdfa",
        "type": "github"
      },
      "original": {
        "owner": "nixos",
        "ref": "nixos-unstable",
        "repo": "nixpkgs",
        "type": "github"
      }
    },
    "root": {
      "inputs": {
        "anypinentry": "anypinentry",
        "codex-nix": "codex-nix",
        "dotfiles": "dotfiles",
        "flake-parts": "flake-parts",
        "import-tree": "import-tree",
        "kanban": "kanban",
        "nixpkgs": "nixpkgs",
        "shtatus": "shtatus",
        "wrapper-modules": "wrapper-modules"
      }
    },
    "shtatus": {
      "inputs": {
        "nixpkgs": [
          "nixpkgs"
        ]
      },
      "locked": {
        "lastModified": 1775687684,
        "narHash": "sha256-XmtQbEVch2Q2UX5roonHqRJe6Tn/uL6f0Uhv37XNCEE=",
        "owner": "tavocg",
        "repo": "shtatus",
        "rev": "86d4ff08c1fbe5bebcd5142715c6bdb54a048506",
        "type": "github"
      },
      "original": {
        "owner": "tavocg",
        "repo": "shtatus",
        "type": "github"
      }
    },
    "wrapper-modules": {
      "inputs": {
        "nixpkgs": [
          "nixpkgs"
        ]
      },
      "locked": {
        "lastModified": 1775724285,
        "narHash": "sha256-/ukfzDYzcuz7i+unH7XioPS3Acam6FC935XsOCaJDmY=",
        "owner": "BirdeeHub",
        "repo": "nix-wrapper-modules",
        "rev": "d79d2f910dd0d8bffd11113865923199cb304f86",
        "type": "github"
      },
      "original": {
        "owner": "BirdeeHub",
        "repo": "nix-wrapper-modules",
        "type": "github"
      }
    }
  },
  "root": "root",
  "version": 7
}
