{
  "nodes": {
    "anypinentry": {
      "inputs": {
        "nixpkgs": "nixpkgs"
      },
      "locked": {
        "lastModified": 1775669936,
        "narHash": "sha256-gGq8XbOYz+Fj8mQYox+Euf31pOu+oLKYqhBqnfsQ20E=",
        "owner": "tavocg",
        "repo": "anypinentry",
        "rev": "5beb70c4120628c2e2ceedb2e9738d43b080e8bd",
        "type": "github"
      },
      "original": {
        "owner": "tavocg",
        "repo": "anypinentry",
        "type": "github"
      }
    },
    "dotfiles": {
      "flake": false,
      "locked": {
        "lastModified": 1775668844,
        "narHash": "sha256-529yJvv/H0RDow5SS++plYQeoPLxWxeUXXXmhUY5NjM=",
        "owner": "tavocg",
        "repo": "dotfiles",
        "rev": "8195178ff4e5d8d916f374289305739058a5adf0",
        "type": "gitlab"
      },
      "original": {
        "owner": "tavocg",
        "repo": "dotfiles",
        "type": "gitlab"
      }
    },
    "flake-parts": {
      "inputs": {
        "nixpkgs-lib": "nixpkgs-lib"
      },
      "locked": {
        "lastModified": 1775087534,
        "narHash": "sha256-91qqW8lhL7TLwgQWijoGBbiD4t7/q75KTi8NxjVmSmA=",
        "owner": "hercules-ci",
        "repo": "flake-parts",
        "rev": "3107b77cd68437b9a76194f0f7f9c55f2329ca5b",
        "type": "github"
      },
      "original": {
        "owner": "hercules-ci",
        "repo": "flake-parts",
        "type": "github"
      }
    },
    "import-tree": {
      "locked": {
        "lastModified": 1773693634,
        "narHash": "sha256-BtZ2dtkBdSUnFPPFc+n0kcMbgaTxzFNPv2iaO326Ffg=",
        "owner": "vic",
        "repo": "import-tree",
        "rev": "c41e7d58045f9057880b0d85e1152d6a4430dbf1",
        "type": "github"
      },
      "original": {
        "owner": "vic",
        "repo": "import-tree",
        "type": "github"
      }
    },
    "nixpkgs": {
      "locked": {
        "lastModified": 1775423009,
        "narHash": "sha256-vPKLpjhIVWdDrfiUM8atW6YkIggCEKdSAlJPzzhkQlw=",
        "owner": "NixOS",
        "repo": "nixpkgs",
        "rev": "68d8aa3d661f0e6bd5862291b5bb263b2a6595c9",
        "type": "github"
      },
      "original": {
        "owner": "NixOS",
        "ref": "nixos-unstable",
        "repo": "nixpkgs",
        "type": "github"
      }
    },
    "nixpkgs-lib": {
      "locked": {
        "lastModified": 1774748309,
        "narHash": "sha256-+U7gF3qxzwD5TZuANzZPeJTZRHS29OFQgkQ2kiTJBIQ=",
        "owner": "nix-community",
        "repo": "nixpkgs.lib",
        "rev": "333c4e0545a6da976206c74db8773a1645b5870a",
        "type": "github"
      },
      "original": {
        "owner": "nix-community",
        "repo": "nixpkgs.lib",
        "type": "github"
      }
    },
    "nixpkgs_2": {
      "locked": {
        "lastModified": 1775423009,
        "narHash": "sha256-vPKLpjhIVWdDrfiUM8atW6YkIggCEKdSAlJPzzhkQlw=",
        "owner": "nixos",
        "repo": "nixpkgs",
        "rev": "68d8aa3d661f0e6bd5862291b5bb263b2a6595c9",
        "type": "github"
      },
      "original": {
        "owner": "nixos",
        "ref": "nixos-unstable",
        "repo": "nixpkgs",
        "type": "github"
      }
    },
    "nixpkgs_3": {
      "locked": {
        "lastModified": 1775579569,
        "narHash": "sha256-/m3yyS/EnXqoPGBJYVy4jTOsirdgsEZ3JdN2gGkBr14=",
        "owner": "NixOS",
        "repo": "nixpkgs",
        "rev": "dfd9566f82a6e1d55c30f861879186440614696e",
        "type": "github"
      },
      "original": {
        "owner": "NixOS",
        "ref": "nixpkgs-unstable",
        "repo": "nixpkgs",
        "type": "github"
      }
    },
    "root": {
      "inputs": {
        "anypinentry": "anypinentry",
        "dotfiles": "dotfiles",
        "flake-parts": "flake-parts",
        "import-tree": "import-tree",
        "nixpkgs": "nixpkgs_2",
        "shtatus": "shtatus",
        "wrapper-modules": "wrapper-modules"
      }
    },
    "shtatus": {
      "flake": false,
      "locked": {
        "lastModified": 1775665339,
        "narHash": "sha256-8Tk3SilSZgzn+D22EUM5bW9jZBXqQ8xQjyQZpmZF3lA=",
        "owner": "tavocg",
        "repo": "shtatus",
        "rev": "1a36bd5284918dbea7a7ec332a8f31b480092199",
        "type": "github"
      },
      "original": {
        "owner": "tavocg",
        "repo": "shtatus",
        "type": "github"
      }
    },
    "wrapper-modules": {
      "inputs": {
        "nixpkgs": "nixpkgs_3"
      },
      "locked": {
        "lastModified": 1775642420,
        "narHash": "sha256-GtPLsfjbwhVXThi/AhbA7b2aFF9aTPqHAANx9tLvZLo=",
        "owner": "BirdeeHub",
        "repo": "nix-wrapper-modules",
        "rev": "df7d060a3a28fabafe0089a02a7bf92f5b4ed7c1",
        "type": "github"
      },
      "original": {
        "owner": "BirdeeHub",
        "repo": "nix-wrapper-modules",
        "type": "github"
      }
    }
  },
  "root": "root",
  "version": 7
}
